// !$*UTF8*$!
{
	archiveVersion = 1;
	classes = {
	};
	objectVersion = 52;
	objects = {

/* Begin PBXBuildFile section */
		2B4313052643073C006F44C4 /* HeartRateView.swift in Sources */ = {isa = PBXBuildFile; fileRef = 2B4313042643073C006F44C4 /* HeartRateView.swift */; };
		2B43130726430F98006F44C4 /* SplitterView.swift in Sources */ = {isa = PBXBuildFile; fileRef = 2B43130626430F98006F44C4 /* SplitterView.swift */; };
		2B722ABE2643FEC500E54742 /* SensoryActivitiesView.swift in Sources */ = {isa = PBXBuildFile; fileRef = 2B722AB72643FEC500E54742 /* SensoryActivitiesView.swift */; };
		2B722ABF2643FEC500E54742 /* JournalingActivitiesView.swift in Sources */ = {isa = PBXBuildFile; fileRef = 2B722AB82643FEC500E54742 /* JournalingActivitiesView.swift */; };
		2B722AC02643FEC500E54742 /* BreathingActivitiesView.swift in Sources */ = {isa = PBXBuildFile; fileRef = 2B722AB92643FEC500E54742 /* BreathingActivitiesView.swift */; };
		2B722AC12643FEC500E54742 /* MusicActivitiesView.swift in Sources */ = {isa = PBXBuildFile; fileRef = 2B722ABA2643FEC500E54742 /* MusicActivitiesView.swift */; };
		2B722AC22643FEC500E54742 /* MovementActivitiesView.swift in Sources */ = {isa = PBXBuildFile; fileRef = 2B722ABB2643FEC500E54742 /* MovementActivitiesView.swift */; };
		2B722AC32643FEC500E54742 /* SelfTalkActivitiesView.swift in Sources */ = {isa = PBXBuildFile; fileRef = 2B722ABC2643FEC500E54742 /* SelfTalkActivitiesView.swift */; };
		2B722AC42643FEC500E54742 /* MindfulnessActivitiesView.swift in Sources */ = {isa = PBXBuildFile; fileRef = 2B722ABD2643FEC500E54742 /* MindfulnessActivitiesView.swift */; };
		2B784D20263A0E0D000183E4 /* AppDevWithSwiftLibrary in Frameworks */ = {isa = PBXBuildFile; productRef = 2B784D1F263A0E0D000183E4 /* AppDevWithSwiftLibrary */; };
		2B784D22263B709A000183E4 /* CheckInFeelings.swift in Sources */ = {isa = PBXBuildFile; fileRef = 2B784D21263B709A000183E4 /* CheckInFeelings.swift */; };
		2B784D24263B7235000183E4 /* CheckInSymptomsView.swift in Sources */ = {isa = PBXBuildFile; fileRef = 2B784D23263B7235000183E4 /* CheckInSymptomsView.swift */; };
		2B784D26263B77B9000183E4 /* EmergencyView.swift in Sources */ = {isa = PBXBuildFile; fileRef = 2B784D25263B77B9000183E4 /* EmergencyView.swift */; };
		2B784D28263B77EF000183E4 /* InterventionSettingsView.swift in Sources */ = {isa = PBXBuildFile; fileRef = 2B784D27263B77EF000183E4 /* InterventionSettingsView.swift */; };
		2B87057C263490160040C7FE /* ActivitiesView.swift in Sources */ = {isa = PBXBuildFile; fileRef = 2B87057B263490160040C7FE /* ActivitiesView.swift */; };
		2B87057F263490AC0040C7FE /* ProfileView.swift in Sources */ = {isa = PBXBuildFile; fileRef = 2B87057E263490AC0040C7FE /* ProfileView.swift */; };
		2B870582263490D00040C7FE /* HistoryView.swift in Sources */ = {isa = PBXBuildFile; fileRef = 2B870581263490D00040C7FE /* HistoryView.swift */; };
		2B870586263493980040C7FE /* HomeView.swift in Sources */ = {isa = PBXBuildFile; fileRef = 2B870585263493980040C7FE /* HomeView.swift */; };
		2BA76F262634E02800BBF203 /* BreathingView.swift in Sources */ = {isa = PBXBuildFile; fileRef = 2BA76F252634E02800BBF203 /* BreathingView.swift */; };
		2BEE5093262C4CAC00ADA5B6 /* RiseUpApp.swift in Sources */ = {isa = PBXBuildFile; fileRef = 2BEE5092262C4CAC00ADA5B6 /* RiseUpApp.swift */; };
		2BEE5095262C4CAC00ADA5B6 /* ContentView.swift in Sources */ = {isa = PBXBuildFile; fileRef = 2BEE5094262C4CAC00ADA5B6 /* ContentView.swift */; };
		2BEE5097262C4CAD00ADA5B6 /* Assets.xcassets in Resources */ = {isa = PBXBuildFile; fileRef = 2BEE5096262C4CAD00ADA5B6 /* Assets.xcassets */; };
		2BEE509A262C4CAD00ADA5B6 /* Preview Assets.xcassets in Resources */ = {isa = PBXBuildFile; fileRef = 2BEE5099262C4CAD00ADA5B6 /* Preview Assets.xcassets */; };
/* End PBXBuildFile section */

/* Begin PBXFileReference section */
		2B4313042643073C006F44C4 /* HeartRateView.swift */ = {isa = PBXFileReference; lastKnownFileType = sourcecode.swift; path = HeartRateView.swift; sourceTree = "<group>"; };
		2B43130626430F98006F44C4 /* SplitterView.swift */ = {isa = PBXFileReference; lastKnownFileType = sourcecode.swift; path = SplitterView.swift; sourceTree = "<group>"; };
		2B722AB72643FEC500E54742 /* SensoryActivitiesView.swift */ = {isa = PBXFileReference; fileEncoding = 4; lastKnownFileType = sourcecode.swift; path = SensoryActivitiesView.swift; sourceTree = "<group>"; };
		2B722AB82643FEC500E54742 /* JournalingActivitiesView.swift */ = {isa = PBXFileReference; fileEncoding = 4; lastKnownFileType = sourcecode.swift; path = JournalingActivitiesView.swift; sourceTree = "<group>"; };
		2B722AB92643FEC500E54742 /* BreathingActivitiesView.swift */ = {isa = PBXFileReference; fileEncoding = 4; lastKnownFileType = sourcecode.swift; path = BreathingActivitiesView.swift; sourceTree = "<group>"; };
		2B722ABA2643FEC500E54742 /* MusicActivitiesView.swift */ = {isa = PBXFileReference; fileEncoding = 4; lastKnownFileType = sourcecode.swift; path = MusicActivitiesView.swift; sourceTree = "<group>"; };
		2B722ABB2643FEC500E54742 /* MovementActivitiesView.swift */ = {isa = PBXFileReference; fileEncoding = 4; lastKnownFileType = sourcecode.swift; path = MovementActivitiesView.swift; sourceTree = "<group>"; };
		2B722ABC2643FEC500E54742 /* SelfTalkActivitiesView.swift */ = {isa = PBXFileReference; fileEncoding = 4; lastKnownFileType = sourcecode.swift; path = SelfTalkActivitiesView.swift; sourceTree = "<group>"; };
		2B722ABD2643FEC500E54742 /* MindfulnessActivitiesView.swift */ = {isa = PBXFileReference; fileEncoding = 4; lastKnownFileType = sourcecode.swift; path = MindfulnessActivitiesView.swift; sourceTree = "<group>"; };
		2B784D21263B709A000183E4 /* CheckInFeelings.swift */ = {isa = PBXFileReference; lastKnownFileType = sourcecode.swift; path = CheckInFeelings.swift; sourceTree = "<group>"; };
		2B784D23263B7235000183E4 /* CheckInSymptomsView.swift */ = {isa = PBXFileReference; lastKnownFileType = sourcecode.swift; path = CheckInSymptomsView.swift; sourceTree = "<group>"; };
		2B784D25263B77B9000183E4 /* EmergencyView.swift */ = {isa = PBXFileReference; lastKnownFileType = sourcecode.swift; path = EmergencyView.swift; sourceTree = "<group>"; };
		2B784D27263B77EF000183E4 /* InterventionSettingsView.swift */ = {isa = PBXFileReference; lastKnownFileType = sourcecode.swift; path = InterventionSettingsView.swift; sourceTree = "<group>"; };
		2B87057B263490160040C7FE /* ActivitiesView.swift */ = {isa = PBXFileReference; lastKnownFileType = sourcecode.swift; path = ActivitiesView.swift; sourceTree = "<group>"; };
		2B87057E263490AC0040C7FE /* ProfileView.swift */ = {isa = PBXFileReference; lastKnownFileType = sourcecode.swift; path = ProfileView.swift; sourceTree = "<group>"; };
		2B870581263490D00040C7FE /* HistoryView.swift */ = {isa = PBXFileReference; lastKnownFileType = sourcecode.swift; path = HistoryView.swift; sourceTree = "<group>"; };
		2B870585263493980040C7FE /* HomeView.swift */ = {isa = PBXFileReference; lastKnownFileType = sourcecode.swift; path = HomeView.swift; sourceTree = "<group>"; };
		2BA76F252634E02800BBF203 /* BreathingView.swift */ = {isa = PBXFileReference; lastKnownFileType = sourcecode.swift; path = BreathingView.swift; sourceTree = "<group>"; };
		2BEE508F262C4CAC00ADA5B6 /* RiseUp.app */ = {isa = PBXFileReference; explicitFileType = wrapper.application; includeInIndex = 0; path = RiseUp.app; sourceTree = BUILT_PRODUCTS_DIR; };
		2BEE5092262C4CAC00ADA5B6 /* RiseUpApp.swift */ = {isa = PBXFileReference; lastKnownFileType = sourcecode.swift; path = RiseUpApp.swift; sourceTree = "<group>"; };
		2BEE5094262C4CAC00ADA5B6 /* ContentView.swift */ = {isa = PBXFileReference; lastKnownFileType = sourcecode.swift; path = ContentView.swift; sourceTree = "<group>"; };
		2BEE5096262C4CAD00ADA5B6 /* Assets.xcassets */ = {isa = PBXFileReference; lastKnownFileType = folder.assetcatalog; path = Assets.xcassets; sourceTree = "<group>"; };
		2BEE5099262C4CAD00ADA5B6 /* Preview Assets.xcassets */ = {isa = PBXFileReference; lastKnownFileType = folder.assetcatalog; path = "Preview Assets.xcassets"; sourceTree = "<group>"; };
		2BEE509B262C4CAD00ADA5B6 /* Info.plist */ = {isa = PBXFileReference; lastKnownFileType = text.plist.xml; path = Info.plist; sourceTree = "<group>"; };
/* End PBXFileReference section */

/* Begin PBXFrameworksBuildPhase section */
		2BEE508C262C4CAC00ADA5B6 /* Frameworks */ = {
			isa = PBXFrameworksBuildPhase;
			buildActionMask = 2147483647;
			files = (
				2B784D20263A0E0D000183E4 /* AppDevWithSwiftLibrary in Frameworks */,
			);
			runOnlyForDeploymentPostprocessing = 0;
		};
/* End PBXFrameworksBuildPhase section */

/* Begin PBXGroup section */
		2BEE5086262C4CAC00ADA5B6 = {
			isa = PBXGroup;
			children = (
				2BEE5091262C4CAC00ADA5B6 /* RiseUp */,
				2BEE5090262C4CAC00ADA5B6 /* Products */,
			);
			sourceTree = "<group>";
		};
		2BEE5090262C4CAC00ADA5B6 /* Products */ = {
			isa = PBXGroup;
			children = (
				2BEE508F262C4CAC00ADA5B6 /* RiseUp.app */,
			);
			name = Products;
			sourceTree = "<group>";
		};
		2BEE5091262C4CAC00ADA5B6 /* RiseUp */ = {
			isa = PBXGroup;
			children = (
				2BEE5092262C4CAC00ADA5B6 /* RiseUpApp.swift */,
				2B87057B263490160040C7FE /* ActivitiesView.swift */,
				2B722AB92643FEC500E54742 /* BreathingActivitiesView.swift */,
				2B722AB82643FEC500E54742 /* JournalingActivitiesView.swift */,
				2B722ABD2643FEC500E54742 /* MindfulnessActivitiesView.swift */,
				2B722ABB2643FEC500E54742 /* MovementActivitiesView.swift */,
				2B722ABA2643FEC500E54742 /* MusicActivitiesView.swift */,
				2B722ABC2643FEC500E54742 /* SelfTalkActivitiesView.swift */,
				2B722AB72643FEC500E54742 /* SensoryActivitiesView.swift */,
				2BA76F252634E02800BBF203 /* BreathingView.swift */,
				2B870585263493980040C7FE /* HomeView.swift */,
				2B784D25263B77B9000183E4 /* EmergencyView.swift */,
				2B784D27263B77EF000183E4 /* InterventionSettingsView.swift */,
				2BEE5094262C4CAC00ADA5B6 /* ContentView.swift */,
				2B784D21263B709A000183E4 /* CheckInFeelings.swift */,
				2B784D23263B7235000183E4 /* CheckInSymptomsView.swift */,
				2B4313042643073C006F44C4 /* HeartRateView.swift */,
				2B43130626430F98006F44C4 /* SplitterView.swift */,
				2B870581263490D00040C7FE /* HistoryView.swift */,
				2B87057E263490AC0040C7FE /* ProfileView.swift */,
				2BEE5096262C4CAD00ADA5B6 /* Assets.xcassets */,
				2BEE509B262C4CAD00ADA5B6 /* Info.plist */,
				2BEE5098262C4CAD00ADA5B6 /* Preview Content */,
			);
			path = RiseUp;
			sourceTree = "<group>";
		};
		2BEE5098262C4CAD00ADA5B6 /* Preview Content */ = {
			isa = PBXGroup;
			children = (
				2BEE5099262C4CAD00ADA5B6 /* Preview Assets.xcassets */,
			);
			path = "Preview Content";
			sourceTree = "<group>";
		};
/* End PBXGroup section */

/* Begin PBXNativeTarget section */
		2BEE508E262C4CAC00ADA5B6 /* RiseUp */ = {
			isa = PBXNativeTarget;
			buildConfigurationList = 2BEE509E262C4CAD00ADA5B6 /* Build configuration list for PBXNativeTarget "RiseUp" */;
			buildPhases = (
				2BEE508B262C4CAC00ADA5B6 /* Sources */,
				2BEE508C262C4CAC00ADA5B6 /* Frameworks */,
				2BEE508D262C4CAC00ADA5B6 /* Resources */,
			);
			buildRules = (
			);
			dependencies = (
			);
			name = RiseUp;
			packageProductDependencies = (
				2B784D1F263A0E0D000183E4 /* AppDevWithSwiftLibrary */,
			);
			productName = RiseUp;
			productReference = 2BEE508F262C4CAC00ADA5B6 /* RiseUp.app */;
			productType = "com.apple.product-type.application";
		};
/* End PBXNativeTarget section */

/* Begin PBXProject section */
		2BEE5087262C4CAC00ADA5B6 /* Project object */ = {
			isa = PBXProject;
			attributes = {
				LastSwiftUpdateCheck = 1240;
				LastUpgradeCheck = 1240;
				TargetAttributes = {
					2BEE508E262C4CAC00ADA5B6 = {
						CreatedOnToolsVersion = 12.4;
					};
				};
			};
			buildConfigurationList = 2BEE508A262C4CAC00ADA5B6 /* Build configuration list for PBXProject "RiseUp" */;
			compatibilityVersion = "Xcode 9.3";
			developmentRegion = en;
			hasScannedForEncodings = 0;
			knownRegions = (
				en,
				Base,
			);
			mainGroup = 2BEE5086262C4CAC00ADA5B6;
			packageReferences = (
				2B784D1E263A0E0D000183E4 /* XCRemoteSwiftPackageReference "AppDevWithSwiftLibrary" */,
			);
			productRefGroup = 2BEE5090262C4CAC00ADA5B6 /* Products */;
			projectDirPath = "";
			projectRoot = "";
			targets = (
				2BEE508E262C4CAC00ADA5B6 /* RiseUp */,
			);
		};
/* End PBXProject section */

/* Begin PBXResourcesBuildPhase section */
		2BEE508D262C4CAC00ADA5B6 /* Resources */ = {
			isa = PBXResourcesBuildPhase;
			buildActionMask = 2147483647;
			files = (
				2BEE509A262C4CAD00ADA5B6 /* Preview Assets.xcassets in Resources */,
				2BEE5097262C4CAD00ADA5B6 /* Assets.xcassets in Resources */,
			);
			runOnlyForDeploymentPostprocessing = 0;
		};
/* End PBXResourcesBuildPhase section */

/* Begin PBXSourcesBuildPhase section */
		2BEE508B262C4CAC00ADA5B6 /* Sources */ = {
			isa = PBXSourcesBuildPhase;
			buildActionMask = 2147483647;
			files = (
				2B722AC22643FEC500E54742 /* MovementActivitiesView.swift in Sources */,
				2B87057F263490AC0040C7FE /* ProfileView.swift in Sources */,
				2B722ABE2643FEC500E54742 /* SensoryActivitiesView.swift in Sources */,
				2B87057C263490160040C7FE /* ActivitiesView.swift in Sources */,
				2B784D22263B709A000183E4 /* CheckInFeelings.swift in Sources */,
				2BA76F262634E02800BBF203 /* BreathingView.swift in Sources */,
				2B722ABF2643FEC500E54742 /* JournalingActivitiesView.swift in Sources */,
				2B870582263490D00040C7FE /* HistoryView.swift in Sources */,
				2B4313052643073C006F44C4 /* HeartRateView.swift in Sources */,
				2B870586263493980040C7FE /* HomeView.swift in Sources */,
				2B722AC42643FEC500E54742 /* MindfulnessActivitiesView.swift in Sources */,
				2B722AC32643FEC500E54742 /* SelfTalkActivitiesView.swift in Sources */,
				2BEE5095262C4CAC00ADA5B6 /* ContentView.swift in Sources */,
				2B784D28263B77EF000183E4 /* InterventionSettingsView.swift in Sources */,
				2B784D24263B7235000183E4 /* CheckInSymptomsView.swift in Sources */,
				2B722AC02643FEC500E54742 /* BreathingActivitiesView.swift in Sources */,
				2B784D26263B77B9000183E4 /* EmergencyView.swift in Sources */,
				2BEE5093262C4CAC00ADA5B6 /* RiseUpApp.swift in Sources */,
				2B43130726430F98006F44C4 /* SplitterView.swift in Sources */,
				2B722AC12643FEC500E54742 /* MusicActivitiesView.swift in Sources */,
			);
			runOnlyForDeploymentPostprocessing = 0;
		};
/* End PBXSourcesBuildPhase section */

/* Begin XCBuildConfiguration section */
		2BEE509C262C4CAD00ADA5B6 /* Debug */ = {
			isa = XCBuildConfiguration;
			buildSettings = {
				ALWAYS_SEARCH_USER_PATHS = NO;
				CLANG_ANALYZER_NONNULL = YES;
				CLANG_ANALYZER_NUMBER_OBJECT_CONVERSION = YES_AGGRESSIVE;
				CLANG_CXX_LANGUAGE_STANDARD = "gnu++14";
				CLANG_CXX_LIBRARY = "libc++";
				CLANG_ENABLE_MODULES = YES;
				CLANG_ENABLE_OBJC_ARC = YES;
				CLANG_ENABLE_OBJC_WEAK = YES;
				CLANG_WARN_BLOCK_CAPTURE_AUTORELEASING = YES;
				CLANG_WARN_BOOL_CONVERSION = YES;
				CLANG_WARN_COMMA = YES;
				CLANG_WARN_CONSTANT_CONVERSION = YES;
				CLANG_WARN_DEPRECATED_OBJC_IMPLEMENTATIONS = YES;
				CLANG_WARN_DIRECT_OBJC_ISA_USAGE = YES_ERROR;
				CLANG_WARN_DOCUMENTATION_COMMENTS = YES;
				CLANG_WARN_EMPTY_BODY = YES;
				CLANG_WARN_ENUM_CONVERSION = YES;
				CLANG_WARN_INFINITE_RECURSION = YES;
				CLANG_WARN_INT_CONVERSION = YES;
				CLANG_WARN_NON_LITERAL_NULL_CONVERSION = YES;
				CLANG_WARN_OBJC_IMPLICIT_RETAIN_SELF = YES;
				CLANG_WARN_OBJC_LITERAL_CONVERSION = YES;
				CLANG_WARN_OBJC_ROOT_CLASS = YES_ERROR;
				CLANG_WARN_QUOTED_INCLUDE_IN_FRAMEWORK_HEADER = YES;
				CLANG_WARN_RANGE_LOOP_ANALYSIS = YES;
				CLANG_WARN_STRICT_PROTOTYPES = YES;
				CLANG_WARN_SUSPICIOUS_MOVE = YES;
				CLANG_WARN_UNGUARDED_AVAILABILITY = YES_AGGRESSIVE;
				CLANG_WARN_UNREACHABLE_CODE = YES;
				CLANG_WARN__DUPLICATE_METHOD_MATCH = YES;
				COPY_PHASE_STRIP = NO;
				DEBUG_INFORMATION_FORMAT = dwarf;
				ENABLE_STRICT_OBJC_MSGSEND = YES;
				ENABLE_TESTABILITY = YES;
				GCC_C_LANGUAGE_STANDARD = gnu11;
				GCC_DYNAMIC_NO_PIC = NO;
				GCC_NO_COMMON_BLOCKS = YES;
				GCC_OPTIMIZATION_LEVEL = 0;
				GCC_PREPROCESSOR_DEFINITIONS = (
					"DEBUG=1",
					"$(inherited)",
				);
				GCC_WARN_64_TO_32_BIT_CONVERSION = YES;
				GCC_WARN_ABOUT_RETURN_TYPE = YES_ERROR;
				GCC_WARN_UNDECLARED_SELECTOR = YES;
				GCC_WARN_UNINITIALIZED_AUTOS = YES_AGGRESSIVE;
				GCC_WARN_UNUSED_FUNCTION = YES;
				GCC_WARN_UNUSED_VARIABLE = YES;
				IPHONEOS_DEPLOYMENT_TARGET = 14.4;
				MTL_ENABLE_DEBUG_INFO = INCLUDE_SOURCE;
				MTL_FAST_MATH = YES;
				ONLY_ACTIVE_ARCH = YES;
				SDKROOT = iphoneos;
				SWIFT_ACTIVE_COMPILATION_CONDITIONS = DEBUG;
				SWIFT_OPTIMIZATION_LEVEL = "-Onone";
			};
			name = Debug;
		};
		2BEE509D262C4CAD00ADA5B6 /* Release */ = {
			isa = XCBuildConfiguration;
			buildSettings = {
				ALWAYS_SEARCH_USER_PATHS = NO;
				CLANG_ANALYZER_NONNULL = YES;
				CLANG_ANALYZER_NUMBER_OBJECT_CONVERSION = YES_AGGRESSIVE;
				CLANG_CXX_LANGUAGE_STANDARD = "gnu++14";
				CLANG_CXX_LIBRARY = "libc++";
				CLANG_ENABLE_MODULES = YES;
				CLANG_ENABLE_OBJC_ARC = YES;
				CLANG_ENABLE_OBJC_WEAK = YES;
				CLANG_WARN_BLOCK_CAPTURE_AUTORELEASING = YES;
				CLANG_WARN_BOOL_CONVERSION = YES;
				CLANG_WARN_COMMA = YES;
				CLANG_WARN_CONSTANT_CONVERSION = YES;
				CLANG_WARN_DEPRECATED_OBJC_IMPLEMENTATIONS = YES;
				CLANG_WARN_DIRECT_OBJC_ISA_USAGE = YES_ERROR;
				CLANG_WARN_DOCUMENTATION_COMMENTS = YES;
				CLANG_WARN_EMPTY_BODY = YES;
				CLANG_WARN_ENUM_CONVERSION = YES;
				CLANG_WARN_INFINITE_RECURSION = YES;
				CLANG_WARN_INT_CONVERSION = YES;
				CLANG_WARN_NON_LITERAL_NULL_CONVERSION = YES;
				CLANG_WARN_OBJC_IMPLICIT_RETAIN_SELF = YES;
				CLANG_WARN_OBJC_LITERAL_CONVERSION = YES;
				CLANG_WARN_OBJC_ROOT_CLASS = YES_ERROR;
				CLANG_WARN_QUOTED_INCLUDE_IN_FRAMEWORK_HEADER = YES;
				CLANG_WARN_RANGE_LOOP_ANALYSIS = YES;
				CLANG_WARN_STRICT_PROTOTYPES = YES;
				CLANG_WARN_SUSPICIOUS_MOVE = YES;
				CLANG_WARN_UNGUARDED_AVAILABILITY = YES_AGGRESSIVE;
				CLANG_WARN_UNREACHABLE_CODE = YES;
				CLANG_WARN__DUPLICATE_METHOD_MATCH = YES;
				COPY_PHASE_STRIP = NO;
				DEBUG_INFORMATION_FORMAT = "dwarf-with-dsym";
				ENABLE_NS_ASSERTIONS = NO;
				ENABLE_STRICT_OBJC_MSGSEND = YES;
				GCC_C_LANGUAGE_STANDARD = gnu11;
				GCC_NO_COMMON_BLOCKS = YES;
				GCC_WARN_64_TO_32_BIT_CONVERSION = YES;
				GCC_WARN_ABOUT_RETURN_TYPE = YES_ERROR;
				GCC_WARN_UNDECLARED_SELECTOR = YES;
				GCC_WARN_UNINITIALIZED_AUTOS = YES_AGGRESSIVE;
				GCC_WARN_UNUSED_FUNCTION = YES;
				GCC_WARN_UNUSED_VARIABLE = YES;
				IPHONEOS_DEPLOYMENT_TARGET = 14.4;
				MTL_ENABLE_DEBUG_INFO = NO;
				MTL_FAST_MATH = YES;
				SDKROOT = iphoneos;
				SWIFT_COMPILATION_MODE = wholemodule;
				SWIFT_OPTIMIZATION_LEVEL = "-O";
				VALIDATE_PRODUCT = YES;
			};
			name = Release;
		};
		2BEE509F262C4CAD00ADA5B6 /* Debug */ = {
			isa = XCBuildConfiguration;
			buildSettings = {
				ASSETCATALOG_COMPILER_APPICON_NAME = AppIcon;
				ASSETCATALOG_COMPILER_GLOBAL_ACCENT_COLOR_NAME = AccentColor;
				CODE_SIGN_STYLE = Automatic;
				DEVELOPMENT_ASSET_PATHS = "\"RiseUp/Preview Content\"";
				DEVELOPMENT_TEAM = SZ757FP3QD;
				ENABLE_PREVIEWS = YES;
				INFOPLIST_FILE = RiseUp/Info.plist;
				IPHONEOS_DEPLOYMENT_TARGET = 14.0;
				LD_RUNPATH_SEARCH_PATHS = (
					"$(inherited)",
					"@executable_path/Frameworks",
				);
				PRODUCT_BUNDLE_IDENTIFIER = com.rodgers.RiseUp;
				PRODUCT_NAME = "$(TARGET_NAME)";
				SWIFT_VERSION = 5.0;
				TARGETED_DEVICE_FAMILY = "1,2";
			};
			name = Debug;
		};
		2BEE50A0262C4CAD00ADA5B6 /* Release */ = {
			isa = XCBuildConfiguration;
			buildSettings = {
				ASSETCATALOG_COMPILER_APPICON_NAME = AppIcon;
				ASSETCATALOG_COMPILER_GLOBAL_ACCENT_COLOR_NAME = AccentColor;
				CODE_SIGN_STYLE = Automatic;
				DEVELOPMENT_ASSET_PATHS = "\"RiseUp/Preview Content\"";
				DEVELOPMENT_TEAM = SZ757FP3QD;
				ENABLE_PREVIEWS = YES;
				INFOPLIST_FILE = RiseUp/Info.plist;
				IPHONEOS_DEPLOYMENT_TARGET = 14.0;
				LD_RUNPATH_SEARCH_PATHS = (
					"$(inherited)",
					"@executable_path/Frameworks",
				);
				PRODUCT_BUNDLE_IDENTIFIER = com.rodgers.RiseUp;
				PRODUCT_NAME = "$(TARGET_NAME)";
				SWIFT_VERSION = 5.0;
				TARGETED_DEVICE_FAMILY = "1,2";
			};
			name = Release;
		};
/* End XCBuildConfiguration section */

/* Begin XCConfigurationList section */
		2BEE508A262C4CAC00ADA5B6 /* Build configuration list for PBXProject "RiseUp" */ = {
			isa = XCConfigurationList;
			buildConfigurations = (
				2BEE509C262C4CAD00ADA5B6 /* Debug */,
				2BEE509D262C4CAD00ADA5B6 /* Release */,
			);
			defaultConfigurationIsVisible = 0;
			defaultConfigurationName = Release;
		};
		2BEE509E262C4CAD00ADA5B6 /* Build configuration list for PBXNativeTarget "RiseUp" */ = {
			isa = XCConfigurationList;
			buildConfigurations = (
				2BEE509F262C4CAD00ADA5B6 /* Debug */,
				2BEE50A0262C4CAD00ADA5B6 /* Release */,
			);
			defaultConfigurationIsVisible = 0;
			defaultConfigurationName = Release;
		};
/* End XCConfigurationList section */

/* Begin XCRemoteSwiftPackageReference section */
		2B784D1E263A0E0D000183E4 /* XCRemoteSwiftPackageReference "AppDevWithSwiftLibrary" */ = {
			isa = XCRemoteSwiftPackageReference;
			repositoryURL = "https://github.com/iitgrad/AppDevWithSwiftLibrary.git";
			requirement = {
				kind = upToNextMajorVersion;
				minimumVersion = 1.8.4;
			};
		};
/* End XCRemoteSwiftPackageReference section */

/* Begin XCSwiftPackageProductDependency section */
		2B784D1F263A0E0D000183E4 /* AppDevWithSwiftLibrary */ = {
			isa = XCSwiftPackageProductDependency;
			package = 2B784D1E263A0E0D000183E4 /* XCRemoteSwiftPackageReference "AppDevWithSwiftLibrary" */;
			productName = AppDevWithSwiftLibrary;
		};
/* End XCSwiftPackageProductDependency section */
	};
	rootObject = 2BEE5087262C4CAC00ADA5B6 /* Project object */;
}
